
Microsoft Visual Studio Solution File, Format Version 12.00
# Visual Studio Version 16
VisualStudioVersion = 16.0.31515.178
MinimumVisualStudioVersion = 10.0.40219.1
Project("{FAE04EC0-301F-11D3-BF4B-00C04F79EFBC}") = "ExtremeFind", "ExtremeFind.csproj", "{68B71858-1483-4823-B58B-CB22F8C8311C}"
EndProject
Global
	GlobalSection(SolutionConfigurationPlatforms) = preSolution
		Debug|Any CPU = Debug|Any CPU
		Release|Any CPU = Release|Any CPU
	EndGlobalSection
	GlobalSection(ProjectConfigurationPlatforms) = postSolution
		{68B71858-1483-4823-B58B-CB22F8C8311C}.Debug|Any CPU.ActiveCfg = Debug|Any CPU
		{68B71858-1483-4823-B58B-CB22F8C8311C}.Debug|Any CPU.Build.0 = Debug|Any CPU
		{68B71858-1483-4823-B58B-CB22F8C8311C}.Release|Any CPU.ActiveCfg = Release|Any CPU
		{68B71858-1483-4823-B58B-CB22F8C8311C}.Release|Any CPU.Build.0 = Release|Any CPU
	EndGlobalSection
	GlobalSection(SolutionProperties) = preSolution
		HideSolutionNode = FALSE
	EndGlobalSection
	GlobalSection(ExtensibilityGlobals) = postSolution
		SolutionGuid = {6F13EA50-47BF-4451-B7CC-58C1486912CA}
	EndGlobalSection
EndGlobal
